
Microsoft Visual Studio Solution File, Format Version 12.00
# Visual Studio Version 17
VisualStudioVersion = 17.4.33122.133
MinimumVisualStudioVersion = 10.0.40219.1
Project("{FAE04EC0-301F-11D3-BF4B-00C04F79EFBC}") = "LuckyMeProject", "LuckyMeProject\LuckyMeProject.csproj", "{1EA30913-5503-4D5D-B916-416E646728E4}"
EndProject
Project("{FAE04EC0-301F-11D3-BF4B-00C04F79EFBC}") = "Luckyme", "Luckyme\Luckyme.csproj", "{538BCEAB-7E47-475D-AC2A-203365260A0E}"
EndProject
Global
	GlobalSection(SolutionConfigurationPlatforms) = preSolution
		Debug|Any CPU = Debug|Any CPU
		Release|Any CPU = Release|Any CPU
	EndGlobalSection
	GlobalSection(ProjectConfigurationPlatforms) = postSolution
		{1EA30913-5503-4D5D-B916-416E646728E4}.Debug|Any CPU.ActiveCfg = Debug|Any CPU
		{1EA30913-5503-4D5D-B916-416E646728E4}.Debug|Any CPU.Build.0 = Debug|Any CPU
		{1EA30913-5503-4D5D-B916-416E646728E4}.Release|Any CPU.ActiveCfg = Release|Any CPU
		{1EA30913-5503-4D5D-B916-416E646728E4}.Release|Any CPU.Build.0 = Release|Any CPU
		{538BCEAB-7E47-475D-AC2A-203365260A0E}.Debug|Any CPU.ActiveCfg = Debug|Any CPU
		{538BCEAB-7E47-475D-AC2A-203365260A0E}.Debug|Any CPU.Build.0 = Debug|Any CPU
		{538BCEAB-7E47-475D-AC2A-203365260A0E}.Release|Any CPU.ActiveCfg = Release|Any CPU
		{538BCEAB-7E47-475D-AC2A-203365260A0E}.Release|Any CPU.Build.0 = Release|Any CPU
	EndGlobalSection
	GlobalSection(SolutionProperties) = preSolution
		HideSolutionNode = FALSE
	EndGlobalSection
	GlobalSection(ExtensibilityGlobals) = postSolution
		SolutionGuid = {5C1B1075-5928-415E-8A3F-BDE40741153D}
	EndGlobalSection
EndGlobal
