
Microsoft Visual Studio Solution File, Format Version 12.00
# Visual Studio Version 16
VisualStudioVersion = 16.0.33027.164
MinimumVisualStudioVersion = 10.0.40219.1
Project("{FAE04EC0-301F-11D3-BF4B-00C04F79EFBC}") = "slot machine", "slot machine\slot machine.csproj", "{743C357C-7E68-40BC-A5A9-D73885807543}"
EndProject
Global
	GlobalSection(SolutionConfigurationPlatforms) = preSolution
		Debug|Any CPU = Debug|Any CPU
		Release|Any CPU = Release|Any CPU
	EndGlobalSection
	GlobalSection(ProjectConfigurationPlatforms) = postSolution
		{743C357C-7E68-40BC-A5A9-D73885807543}.Debug|Any CPU.ActiveCfg = Debug|Any CPU
		{743C357C-7E68-40BC-A5A9-D73885807543}.Debug|Any CPU.Build.0 = Debug|Any CPU
		{743C357C-7E68-40BC-A5A9-D73885807543}.Release|Any CPU.ActiveCfg = Release|Any CPU
		{743C357C-7E68-40BC-A5A9-D73885807543}.Release|Any CPU.Build.0 = Release|Any CPU
	EndGlobalSection
	GlobalSection(SolutionProperties) = preSolution
		HideSolutionNode = FALSE
	EndGlobalSection
	GlobalSection(ExtensibilityGlobals) = postSolution
		SolutionGuid = {F9C61615-E8A7-4F76-9F47-079594949762}
	EndGlobalSection
EndGlobal
